// !$*UTF8*$!
{
	archiveVersion = 1;
	classes = {
	};
	objectVersion = 51;
	objects = {

/* Begin PBXBuildFile section */
		3CE5EAC7543E543D4C0E3B07 /* Pods_Chat.framework in Frameworks */ = {isa = PBXBuildFile; fileRef = B32C54BCB0368948B3BC09D6 /* Pods_Chat.framework */; };
		E6500CD1246424D200B56DDD /* AppDelegate.swift in Sources */ = {isa = PBXBuildFile; fileRef = E6500CD0246424D200B56DDD /* AppDelegate.swift */; };
		E6500CD3246424D200B56DDD /* SceneDelegate.swift in Sources */ = {isa = PBXBuildFile; fileRef = E6500CD2246424D200B56DDD /* SceneDelegate.swift */; };
		E6500CD5246424D200B56DDD /* ViewController.swift in Sources */ = {isa = PBXBuildFile; fileRef = E6500CD4246424D200B56DDD /* ViewController.swift */; };
		E6500CDA246424D400B56DDD /* Assets.xcassets in Resources */ = {isa = PBXBuildFile; fileRef = E6500CD9246424D400B56DDD /* Assets.xcassets */; };
		E6500CDD246424D400B56DDD /* LaunchScreen.storyboard in Resources */ = {isa = PBXBuildFile; fileRef = E6500CDB246424D400B56DDD /* LaunchScreen.storyboard */; };
		E6500CEB2464253B00B56DDD /* ConversationsController.swift in Sources */ = {isa = PBXBuildFile; fileRef = E6500CEA2464253B00B56DDD /* ConversationsController.swift */; };
		E696521724642BC400BD5A9F /* LoginController.swift in Sources */ = {isa = PBXBuildFile; fileRef = E696521624642BC400BD5A9F /* LoginController.swift */; };
		E696521924642BE800BD5A9F /* RegisterationController.swift in Sources */ = {isa = PBXBuildFile; fileRef = E696521824642BE800BD5A9F /* RegisterationController.swift */; };
		E696521B24642E3B00BD5A9F /* Extension.swift in Sources */ = {isa = PBXBuildFile; fileRef = E696521A24642E3B00BD5A9F /* Extension.swift */; };
		E696521D2464353A00BD5A9F /* InputContainerView.swift in Sources */ = {isa = PBXBuildFile; fileRef = E696521C2464353A00BD5A9F /* InputContainerView.swift */; };
		E696521F2464377D00BD5A9F /* CustomTextField.swift in Sources */ = {isa = PBXBuildFile; fileRef = E696521E2464377D00BD5A9F /* CustomTextField.swift */; };
		E6AC94382465319400DBE822 /* LoginViewModel.swift in Sources */ = {isa = PBXBuildFile; fileRef = E6AC94372465319400DBE822 /* LoginViewModel.swift */; };
		E6AC943A2465372700DBE822 /* RegisterationViewModel.swift in Sources */ = {isa = PBXBuildFile; fileRef = E6AC94392465372700DBE822 /* RegisterationViewModel.swift */; };
		E6AC943C2465495500DBE822 /* GoogleService-Info.plist in Resources */ = {isa = PBXBuildFile; fileRef = E6AC943B2465495500DBE822 /* GoogleService-Info.plist */; };
		E6AC943E2466B6A200DBE822 /* AuthService.swift in Sources */ = {isa = PBXBuildFile; fileRef = E6AC943D2466B6A200DBE822 /* AuthService.swift */; };
		E6AC944224682F7600DBE822 /* NewMessageController.swift in Sources */ = {isa = PBXBuildFile; fileRef = E6AC944124682F7600DBE822 /* NewMessageController.swift */; };
		E6AC94442468329900DBE822 /* UserCell.swift in Sources */ = {isa = PBXBuildFile; fileRef = E6AC94432468329900DBE822 /* UserCell.swift */; };
		E6AC9446246834E100DBE822 /* User.swift in Sources */ = {isa = PBXBuildFile; fileRef = E6AC9445246834E100DBE822 /* User.swift */; };
		E6AC94482468355500DBE822 /* Service.swift in Sources */ = {isa = PBXBuildFile; fileRef = E6AC94472468355500DBE822 /* Service.swift */; };
/* End PBXBuildFile section */

/* Begin PBXFileReference section */
		303E458F49FC52FF72E7B70C /* Pods-Chat.debug.xcconfig */ = {isa = PBXFileReference; includeInIndex = 1; lastKnownFileType = text.xcconfig; name = "Pods-Chat.debug.xcconfig"; path = "Target Support Files/Pods-Chat/Pods-Chat.debug.xcconfig"; sourceTree = "<group>"; };
		7866523C02CE688904934F14 /* Pods-Chat.release.xcconfig */ = {isa = PBXFileReference; includeInIndex = 1; lastKnownFileType = text.xcconfig; name = "Pods-Chat.release.xcconfig"; path = "Target Support Files/Pods-Chat/Pods-Chat.release.xcconfig"; sourceTree = "<group>"; };
		B32C54BCB0368948B3BC09D6 /* Pods_Chat.framework */ = {isa = PBXFileReference; explicitFileType = wrapper.framework; includeInIndex = 0; path = Pods_Chat.framework; sourceTree = BUILT_PRODUCTS_DIR; };
		E6500CCD246424D200B56DDD /* Chat.app */ = {isa = PBXFileReference; explicitFileType = wrapper.application; includeInIndex = 0; path = Chat.app; sourceTree = BUILT_PRODUCTS_DIR; };
		E6500CD0246424D200B56DDD /* AppDelegate.swift */ = {isa = PBXFileReference; lastKnownFileType = sourcecode.swift; path = AppDelegate.swift; sourceTree = "<group>"; };
		E6500CD2246424D200B56DDD /* SceneDelegate.swift */ = {isa = PBXFileReference; lastKnownFileType = sourcecode.swift; path = SceneDelegate.swift; sourceTree = "<group>"; };
		E6500CD4246424D200B56DDD /* ViewController.swift */ = {isa = PBXFileReference; lastKnownFileType = sourcecode.swift; path = ViewController.swift; sourceTree = "<group>"; };
		E6500CD9246424D400B56DDD /* Assets.xcassets */ = {isa = PBXFileReference; lastKnownFileType = folder.assetcatalog; path = Assets.xcassets; sourceTree = "<group>"; };
		E6500CDC246424D400B56DDD /* Base */ = {isa = PBXFileReference; lastKnownFileType = file.storyboard; name = Base; path = Base.lproj/LaunchScreen.storyboard; sourceTree = "<group>"; };
		E6500CDE246424D400B56DDD /* Info.plist */ = {isa = PBXFileReference; lastKnownFileType = text.plist.xml; path = Info.plist; sourceTree = "<group>"; };
		E6500CEA2464253B00B56DDD /* ConversationsController.swift */ = {isa = PBXFileReference; lastKnownFileType = sourcecode.swift; path = ConversationsController.swift; sourceTree = "<group>"; };
		E696521624642BC400BD5A9F /* LoginController.swift */ = {isa = PBXFileReference; lastKnownFileType = sourcecode.swift; path = LoginController.swift; sourceTree = "<group>"; };
		E696521824642BE800BD5A9F /* RegisterationController.swift */ = {isa = PBXFileReference; lastKnownFileType = sourcecode.swift; path = RegisterationController.swift; sourceTree = "<group>"; };
		E696521A24642E3B00BD5A9F /* Extension.swift */ = {isa = PBXFileReference; lastKnownFileType = sourcecode.swift; path = Extension.swift; sourceTree = "<group>"; };
		E696521C2464353A00BD5A9F /* InputContainerView.swift */ = {isa = PBXFileReference; lastKnownFileType = sourcecode.swift; path = InputContainerView.swift; sourceTree = "<group>"; };
		E696521E2464377D00BD5A9F /* CustomTextField.swift */ = {isa = PBXFileReference; lastKnownFileType = sourcecode.swift; path = CustomTextField.swift; sourceTree = "<group>"; };
		E6AC94372465319400DBE822 /* LoginViewModel.swift */ = {isa = PBXFileReference; lastKnownFileType = sourcecode.swift; path = LoginViewModel.swift; sourceTree = "<group>"; };
		E6AC94392465372700DBE822 /* RegisterationViewModel.swift */ = {isa = PBXFileReference; lastKnownFileType = sourcecode.swift; path = RegisterationViewModel.swift; sourceTree = "<group>"; };
		E6AC943B2465495500DBE822 /* GoogleService-Info.plist */ = {isa = PBXFileReference; lastKnownFileType = text.plist; path = "GoogleService-Info.plist"; sourceTree = SOURCE_ROOT; };
		E6AC943D2466B6A200DBE822 /* AuthService.swift */ = {isa = PBXFileReference; lastKnownFileType = sourcecode.swift; path = AuthService.swift; sourceTree = "<group>"; };
		E6AC944124682F7600DBE822 /* NewMessageController.swift */ = {isa = PBXFileReference; lastKnownFileType = sourcecode.swift; path = NewMessageController.swift; sourceTree = "<group>"; };
		E6AC94432468329900DBE822 /* UserCell.swift */ = {isa = PBXFileReference; lastKnownFileType = sourcecode.swift; path = UserCell.swift; sourceTree = "<group>"; };
		E6AC9445246834E100DBE822 /* User.swift */ = {isa = PBXFileReference; lastKnownFileType = sourcecode.swift; path = User.swift; sourceTree = "<group>"; };
		E6AC94472468355500DBE822 /* Service.swift */ = {isa = PBXFileReference; lastKnownFileType = sourcecode.swift; path = Service.swift; sourceTree = "<group>"; };
/* End PBXFileReference section */

/* Begin PBXFrameworksBuildPhase section */
		E6500CCA246424D200B56DDD /* Frameworks */ = {
			isa = PBXFrameworksBuildPhase;
			buildActionMask = 2147483647;
			files = (
				3CE5EAC7543E543D4C0E3B07 /* Pods_Chat.framework in Frameworks */,
			);
			runOnlyForDeploymentPostprocessing = 0;
		};
/* End PBXFrameworksBuildPhase section */

/* Begin PBXGroup section */
		950879DB933DB32367E64D58 /* Frameworks */ = {
			isa = PBXGroup;
			children = (
				B32C54BCB0368948B3BC09D6 /* Pods_Chat.framework */,
			);
			name = Frameworks;
			sourceTree = "<group>";
		};
		B04268DA247A237E6144450B /* Pods */ = {
			isa = PBXGroup;
			children = (
				303E458F49FC52FF72E7B70C /* Pods-Chat.debug.xcconfig */,
				7866523C02CE688904934F14 /* Pods-Chat.release.xcconfig */,
			);
			path = Pods;
			sourceTree = "<group>";
		};
		E6500CC4246424D200B56DDD = {
			isa = PBXGroup;
			children = (
				E6500CCF246424D200B56DDD /* Chat */,
				E6500CCE246424D200B56DDD /* Products */,
				B04268DA247A237E6144450B /* Pods */,
				950879DB933DB32367E64D58 /* Frameworks */,
			);
			sourceTree = "<group>";
		};
		E6500CCE246424D200B56DDD /* Products */ = {
			isa = PBXGroup;
			children = (
				E6500CCD246424D200B56DDD /* Chat.app */,
			);
			name = Products;
			sourceTree = "<group>";
		};
		E6500CCF246424D200B56DDD /* Chat */ = {
			isa = PBXGroup;
			children = (
				E6500CE92464250600B56DDD /* Model */,
				E6500CE82464250400B56DDD /* View */,
				E6500CE72464250200B56DDD /* ViewModel */,
				E6500CE6246424FE00B56DDD /* Controller */,
				E6500CE5246424FC00B56DDD /* API */,
				E6500CE4246424F600B56DDD /* Utils */,
				E6500CD0246424D200B56DDD /* AppDelegate.swift */,
				E6500CD2246424D200B56DDD /* SceneDelegate.swift */,
				E6500CD4246424D200B56DDD /* ViewController.swift */,
				E6500CD9246424D400B56DDD /* Assets.xcassets */,
				E6500CDB246424D400B56DDD /* LaunchScreen.storyboard */,
				E6500CDE246424D400B56DDD /* Info.plist */,
				E6AC943B2465495500DBE822 /* GoogleService-Info.plist */,
			);
			path = Chat;
			sourceTree = "<group>";
		};
		E6500CE4246424F600B56DDD /* Utils */ = {
			isa = PBXGroup;
			children = (
				E696521A24642E3B00BD5A9F /* Extension.swift */,
			);
			path = Utils;
			sourceTree = "<group>";
		};
		E6500CE5246424FC00B56DDD /* API */ = {
			isa = PBXGroup;
			children = (
				E6AC943D2466B6A200DBE822 /* AuthService.swift */,
				E6AC94472468355500DBE822 /* Service.swift */,
			);
			path = API;
			sourceTree = "<group>";
		};
		E6500CE6246424FE00B56DDD /* Controller */ = {
			isa = PBXGroup;
			children = (
				E696521524642B8E00BD5A9F /* Authentication */,
				E6500CEA2464253B00B56DDD /* ConversationsController.swift */,
				E6AC944124682F7600DBE822 /* NewMessageController.swift */,
			);
			path = Controller;
			sourceTree = "<group>";
		};
		E6500CE72464250200B56DDD /* ViewModel */ = {
			isa = PBXGroup;
			children = (
				E6AC94372465319400DBE822 /* LoginViewModel.swift */,
				E6AC94392465372700DBE822 /* RegisterationViewModel.swift */,
			);
			path = ViewModel;
			sourceTree = "<group>";
		};
		E6500CE82464250400B56DDD /* View */ = {
			isa = PBXGroup;
			children = (
				E696521C2464353A00BD5A9F /* InputContainerView.swift */,
				E696521E2464377D00BD5A9F /* CustomTextField.swift */,
				E6AC94432468329900DBE822 /* UserCell.swift */,
			);
			path = View;
			sourceTree = "<group>";
		};
		E6500CE92464250600B56DDD /* Model */ = {
			isa = PBXGroup;
			children = (
				E6AC9445246834E100DBE822 /* User.swift */,
			);
			path = Model;
			sourceTree = "<group>";
		};
		E696521524642B8E00BD5A9F /* Authentication */ = {
			isa = PBXGroup;
			children = (
				E696521624642BC400BD5A9F /* LoginController.swift */,
				E696521824642BE800BD5A9F /* RegisterationController.swift */,
			);
			path = Authentication;
			sourceTree = "<group>";
		};
/* End PBXGroup section */

/* Begin PBXNativeTarget section */
		E6500CCC246424D200B56DDD /* Chat */ = {
			isa = PBXNativeTarget;
			buildConfigurationList = E6500CE1246424D400B56DDD /* Build configuration list for PBXNativeTarget "Chat" */;
			buildPhases = (
				D149889E0AF8B95BA43CC59D /* [CP] Check Pods Manifest.lock */,
				E6500CC9246424D200B56DDD /* Sources */,
				E6500CCA246424D200B56DDD /* Frameworks */,
				E6500CCB246424D200B56DDD /* Resources */,
				D694F34CCD96C942C11B39D2 /* [CP] Embed Pods Frameworks */,
			);
			buildRules = (
			);
			dependencies = (
			);
			name = Chat;
			productName = Chat;
			productReference = E6500CCD246424D200B56DDD /* Chat.app */;
			productType = "com.apple.product-type.application";
		};
/* End PBXNativeTarget section */

/* Begin PBXProject section */
		E6500CC5246424D200B56DDD /* Project object */ = {
			isa = PBXProject;
			attributes = {
				LastSwiftUpdateCheck = 1140;
				LastUpgradeCheck = 1140;
				ORGANIZATIONNAME = "차수연";
				TargetAttributes = {
					E6500CCC246424D200B56DDD = {
						CreatedOnToolsVersion = 11.4.1;
					};
				};
			};
			buildConfigurationList = E6500CC8246424D200B56DDD /* Build configuration list for PBXProject "Chat" */;
			compatibilityVersion = "Xcode 9.3";
			developmentRegion = en;
			hasScannedForEncodings = 0;
			knownRegions = (
				en,
				Base,
			);
			mainGroup = E6500CC4246424D200B56DDD;
			productRefGroup = E6500CCE246424D200B56DDD /* Products */;
			projectDirPath = "";
			projectRoot = "";
			targets = (
				E6500CCC246424D200B56DDD /* Chat */,
			);
		};
/* End PBXProject section */

/* Begin PBXResourcesBuildPhase section */
		E6500CCB246424D200B56DDD /* Resources */ = {
			isa = PBXResourcesBuildPhase;
			buildActionMask = 2147483647;
			files = (
				E6500CDD246424D400B56DDD /* LaunchScreen.storyboard in Resources */,
				E6500CDA246424D400B56DDD /* Assets.xcassets in Resources */,
				E6AC943C2465495500DBE822 /* GoogleService-Info.plist in Resources */,
			);
			runOnlyForDeploymentPostprocessing = 0;
		};
/* End PBXResourcesBuildPhase section */

/* Begin PBXShellScriptBuildPhase section */
		D149889E0AF8B95BA43CC59D /* [CP] Check Pods Manifest.lock */ = {
			isa = PBXShellScriptBuildPhase;
			buildActionMask = 2147483647;
			files = (
			);
			inputFileListPaths = (
			);
			inputPaths = (
				"${PODS_PODFILE_DIR_PATH}/Podfile.lock",
				"${PODS_ROOT}/Manifest.lock",
			);
			name = "[CP] Check Pods Manifest.lock";
			outputFileListPaths = (
			);
			outputPaths = (
				"$(DERIVED_FILE_DIR)/Pods-Chat-checkManifestLockResult.txt",
			);
			runOnlyForDeploymentPostprocessing = 0;
			shellPath = /bin/sh;
			shellScript = "diff \"${PODS_PODFILE_DIR_PATH}/Podfile.lock\" \"${PODS_ROOT}/Manifest.lock\" > /dev/null\nif [ $? != 0 ] ; then\n    # print error to STDERR\n    echo \"error: The sandbox is not in sync with the Podfile.lock. Run 'pod install' or update your CocoaPods installation.\" >&2\n    exit 1\nfi\n# This output is used by Xcode 'outputs' to avoid re-running this script phase.\necho \"SUCCESS\" > \"${SCRIPT_OUTPUT_FILE_0}\"\n";
			showEnvVarsInLog = 0;
		};
		D694F34CCD96C942C11B39D2 /* [CP] Embed Pods Frameworks */ = {
			isa = PBXShellScriptBuildPhase;
			buildActionMask = 2147483647;
			files = (
			);
			inputFileListPaths = (
				"${PODS_ROOT}/Target Support Files/Pods-Chat/Pods-Chat-frameworks-${CONFIGURATION}-input-files.xcfilelist",
			);
			name = "[CP] Embed Pods Frameworks";
			outputFileListPaths = (
				"${PODS_ROOT}/Target Support Files/Pods-Chat/Pods-Chat-frameworks-${CONFIGURATION}-output-files.xcfilelist",
			);
			runOnlyForDeploymentPostprocessing = 0;
			shellPath = /bin/sh;
			shellScript = "\"${PODS_ROOT}/Target Support Files/Pods-Chat/Pods-Chat-frameworks.sh\"\n";
			showEnvVarsInLog = 0;
		};
/* End PBXShellScriptBuildPhase section */

/* Begin PBXSourcesBuildPhase section */
		E6500CC9246424D200B56DDD /* Sources */ = {
			isa = PBXSourcesBuildPhase;
			buildActionMask = 2147483647;
			files = (
				E696521924642BE800BD5A9F /* RegisterationController.swift in Sources */,
				E6AC943A2465372700DBE822 /* RegisterationViewModel.swift in Sources */,
				E696521D2464353A00BD5A9F /* InputContainerView.swift in Sources */,
				E6AC943E2466B6A200DBE822 /* AuthService.swift in Sources */,
				E6500CD5246424D200B56DDD /* ViewController.swift in Sources */,
				E696521B24642E3B00BD5A9F /* Extension.swift in Sources */,
				E6AC94442468329900DBE822 /* UserCell.swift in Sources */,
				E6500CD1246424D200B56DDD /* AppDelegate.swift in Sources */,
				E6AC9446246834E100DBE822 /* User.swift in Sources */,
				E6AC94482468355500DBE822 /* Service.swift in Sources */,
				E6500CEB2464253B00B56DDD /* ConversationsController.swift in Sources */,
				E6500CD3246424D200B56DDD /* SceneDelegate.swift in Sources */,
				E696521724642BC400BD5A9F /* LoginController.swift in Sources */,
				E6AC94382465319400DBE822 /* LoginViewModel.swift in Sources */,
				E696521F2464377D00BD5A9F /* CustomTextField.swift in Sources */,
				E6AC944224682F7600DBE822 /* NewMessageController.swift in Sources */,
			);
			runOnlyForDeploymentPostprocessing = 0;
		};
/* End PBXSourcesBuildPhase section */

/* Begin PBXVariantGroup section */
		E6500CDB246424D400B56DDD /* LaunchScreen.storyboard */ = {
			isa = PBXVariantGroup;
			children = (
				E6500CDC246424D400B56DDD /* Base */,
			);
			name = LaunchScreen.storyboard;
			sourceTree = "<group>";
		};
/* End PBXVariantGroup section */

/* Begin XCBuildConfiguration section */
		E6500CDF246424D400B56DDD /* Debug */ = {
			isa = XCBuildConfiguration;
			buildSettings = {
				ALWAYS_SEARCH_USER_PATHS = NO;
				CLANG_ANALYZER_NONNULL = YES;
				CLANG_ANALYZER_NUMBER_OBJECT_CONVERSION = YES_AGGRESSIVE;
				CLANG_CXX_LANGUAGE_STANDARD = "gnu++14";
				CLANG_CXX_LIBRARY = "libc++";
				CLANG_ENABLE_MODULES = YES;
				CLANG_ENABLE_OBJC_ARC = YES;
				CLANG_ENABLE_OBJC_WEAK = YES;
				CLANG_WARN_BLOCK_CAPTURE_AUTORELEASING = YES;
				CLANG_WARN_BOOL_CONVERSION = YES;
				CLANG_WARN_COMMA = YES;
				CLANG_WARN_CONSTANT_CONVERSION = YES;
				CLANG_WARN_DEPRECATED_OBJC_IMPLEMENTATIONS = YES;
				CLANG_WARN_DIRECT_OBJC_ISA_USAGE = YES_ERROR;
				CLANG_WARN_DOCUMENTATION_COMMENTS = YES;
				CLANG_WARN_EMPTY_BODY = YES;
				CLANG_WARN_ENUM_CONVERSION = YES;
				CLANG_WARN_INFINITE_RECURSION = YES;
				CLANG_WARN_INT_CONVERSION = YES;
				CLANG_WARN_NON_LITERAL_NULL_CONVERSION = YES;
				CLANG_WARN_OBJC_IMPLICIT_RETAIN_SELF = YES;
				CLANG_WARN_OBJC_LITERAL_CONVERSION = YES;
				CLANG_WARN_OBJC_ROOT_CLASS = YES_ERROR;
				CLANG_WARN_RANGE_LOOP_ANALYSIS = YES;
				CLANG_WARN_STRICT_PROTOTYPES = YES;
				CLANG_WARN_SUSPICIOUS_MOVE = YES;
				CLANG_WARN_UNGUARDED_AVAILABILITY = YES_AGGRESSIVE;
				CLANG_WARN_UNREACHABLE_CODE = YES;
				CLANG_WARN__DUPLICATE_METHOD_MATCH = YES;
				COPY_PHASE_STRIP = NO;
				DEBUG_INFORMATION_FORMAT = dwarf;
				ENABLE_STRICT_OBJC_MSGSEND = YES;
				ENABLE_TESTABILITY = YES;
				GCC_C_LANGUAGE_STANDARD = gnu11;
				GCC_DYNAMIC_NO_PIC = NO;
				GCC_NO_COMMON_BLOCKS = YES;
				GCC_OPTIMIZATION_LEVEL = 0;
				GCC_PREPROCESSOR_DEFINITIONS = (
					"DEBUG=1",
					"$(inherited)",
				);
				GCC_WARN_64_TO_32_BIT_CONVERSION = YES;
				GCC_WARN_ABOUT_RETURN_TYPE = YES_ERROR;
				GCC_WARN_UNDECLARED_SELECTOR = YES;
				GCC_WARN_UNINITIALIZED_AUTOS = YES_AGGRESSIVE;
				GCC_WARN_UNUSED_FUNCTION = YES;
				GCC_WARN_UNUSED_VARIABLE = YES;
				IPHONEOS_DEPLOYMENT_TARGET = 13.1;
				MTL_ENABLE_DEBUG_INFO = INCLUDE_SOURCE;
				MTL_FAST_MATH = YES;
				ONLY_ACTIVE_ARCH = YES;
				SDKROOT = iphoneos;
				SWIFT_ACTIVE_COMPILATION_CONDITIONS = DEBUG;
				SWIFT_OPTIMIZATION_LEVEL = "-Onone";
			};
			name = Debug;
		};
		E6500CE0246424D400B56DDD /* Release */ = {
			isa = XCBuildConfiguration;
			buildSettings = {
				ALWAYS_SEARCH_USER_PATHS = NO;
				CLANG_ANALYZER_NONNULL = YES;
				CLANG_ANALYZER_NUMBER_OBJECT_CONVERSION = YES_AGGRESSIVE;
				CLANG_CXX_LANGUAGE_STANDARD = "gnu++14";
				CLANG_CXX_LIBRARY = "libc++";
				CLANG_ENABLE_MODULES = YES;
				CLANG_ENABLE_OBJC_ARC = YES;
				CLANG_ENABLE_OBJC_WEAK = YES;
				CLANG_WARN_BLOCK_CAPTURE_AUTORELEASING = YES;
				CLANG_WARN_BOOL_CONVERSION = YES;
				CLANG_WARN_COMMA = YES;
				CLANG_WARN_CONSTANT_CONVERSION = YES;
				CLANG_WARN_DEPRECATED_OBJC_IMPLEMENTATIONS = YES;
				CLANG_WARN_DIRECT_OBJC_ISA_USAGE = YES_ERROR;
				CLANG_WARN_DOCUMENTATION_COMMENTS = YES;
				CLANG_WARN_EMPTY_BODY = YES;
				CLANG_WARN_ENUM_CONVERSION = YES;
				CLANG_WARN_INFINITE_RECURSION = YES;
				CLANG_WARN_INT_CONVERSION = YES;
				CLANG_WARN_NON_LITERAL_NULL_CONVERSION = YES;
				CLANG_WARN_OBJC_IMPLICIT_RETAIN_SELF = YES;
				CLANG_WARN_OBJC_LITERAL_CONVERSION = YES;
				CLANG_WARN_OBJC_ROOT_CLASS = YES_ERROR;
				CLANG_WARN_RANGE_LOOP_ANALYSIS = YES;
				CLANG_WARN_STRICT_PROTOTYPES = YES;
				CLANG_WARN_SUSPICIOUS_MOVE = YES;
				CLANG_WARN_UNGUARDED_AVAILABILITY = YES_AGGRESSIVE;
				CLANG_WARN_UNREACHABLE_CODE = YES;
				CLANG_WARN__DUPLICATE_METHOD_MATCH = YES;
				COPY_PHASE_STRIP = NO;
				DEBUG_INFORMATION_FORMAT = "dwarf-with-dsym";
				ENABLE_NS_ASSERTIONS = NO;
				ENABLE_STRICT_OBJC_MSGSEND = YES;
				GCC_C_LANGUAGE_STANDARD = gnu11;
				GCC_NO_COMMON_BLOCKS = YES;
				GCC_WARN_64_TO_32_BIT_CONVERSION = YES;
				GCC_WARN_ABOUT_RETURN_TYPE = YES_ERROR;
				GCC_WARN_UNDECLARED_SELECTOR = YES;
				GCC_WARN_UNINITIALIZED_AUTOS = YES_AGGRESSIVE;
				GCC_WARN_UNUSED_FUNCTION = YES;
				GCC_WARN_UNUSED_VARIABLE = YES;
				IPHONEOS_DEPLOYMENT_TARGET = 13.1;
				MTL_ENABLE_DEBUG_INFO = NO;
				MTL_FAST_MATH = YES;
				SDKROOT = iphoneos;
				SWIFT_COMPILATION_MODE = wholemodule;
				SWIFT_OPTIMIZATION_LEVEL = "-O";
				VALIDATE_PRODUCT = YES;
			};
			name = Release;
		};
		E6500CE2246424D400B56DDD /* Debug */ = {
			isa = XCBuildConfiguration;
			baseConfigurationReference = 303E458F49FC52FF72E7B70C /* Pods-Chat.debug.xcconfig */;
			buildSettings = {
				ASSETCATALOG_COMPILER_APPICON_NAME = AppIcon;
				CODE_SIGN_STYLE = Automatic;
				DEVELOPMENT_TEAM = 9D4CTT9QAX;
				INFOPLIST_FILE = Chat/Info.plist;
				LD_RUNPATH_SEARCH_PATHS = (
					"$(inherited)",
					"@executable_path/Frameworks",
				);
				PRODUCT_BUNDLE_IDENTIFIER = org.suyeon.Chat;
				PRODUCT_NAME = "$(TARGET_NAME)";
				SWIFT_VERSION = 5.0;
				TARGETED_DEVICE_FAMILY = "1,2";
			};
			name = Debug;
		};
		E6500CE3246424D400B56DDD /* Release */ = {
			isa = XCBuildConfiguration;
			baseConfigurationReference = 7866523C02CE688904934F14 /* Pods-Chat.release.xcconfig */;
			buildSettings = {
				ASSETCATALOG_COMPILER_APPICON_NAME = AppIcon;
				CODE_SIGN_STYLE = Automatic;
				DEVELOPMENT_TEAM = 9D4CTT9QAX;
				INFOPLIST_FILE = Chat/Info.plist;
				LD_RUNPATH_SEARCH_PATHS = (
					"$(inherited)",
					"@executable_path/Frameworks",
				);
				PRODUCT_BUNDLE_IDENTIFIER = org.suyeon.Chat;
				PRODUCT_NAME = "$(TARGET_NAME)";
				SWIFT_VERSION = 5.0;
				TARGETED_DEVICE_FAMILY = "1,2";
			};
			name = Release;
		};
/* End XCBuildConfiguration section */

/* Begin XCConfigurationList section */
		E6500CC8246424D200B56DDD /* Build configuration list for PBXProject "Chat" */ = {
			isa = XCConfigurationList;
			buildConfigurations = (
				E6500CDF246424D400B56DDD /* Debug */,
				E6500CE0246424D400B56DDD /* Release */,
			);
			defaultConfigurationIsVisible = 0;
			defaultConfigurationName = Release;
		};
		E6500CE1246424D400B56DDD /* Build configuration list for PBXNativeTarget "Chat" */ = {
			isa = XCConfigurationList;
			buildConfigurations = (
				E6500CE2246424D400B56DDD /* Debug */,
				E6500CE3246424D400B56DDD /* Release */,
			);
			defaultConfigurationIsVisible = 0;
			defaultConfigurationName = Release;
		};
/* End XCConfigurationList section */
	};
	rootObject = E6500CC5246424D200B56DDD /* Project object */;
}
